{
  "name": "kopi-language",
  "version": "0.1.0",
  "lockfileVersion": 1,
  "requires": true,
  "dependencies": {
    "immutable": {
      "version": "4.0.0-rc.15",
      "resolved": "https://registry.npmjs.org/immutable/-/immutable-4.0.0-rc.15.tgz",
      "integrity": "sha512-v8+A3sNyaieoP9dHegl3tEYnIZa7vqNiSv0U6D7YddiZi34VjKy4GsIxrRHj2d8+CS3MeiVja5QyNe4JO/aEXA==",
      "dev": true
    },
    "node-fetch": {
      "version": "2.6.2",
      "resolved": "https://registry.npmjs.org/node-fetch/-/node-fetch-2.6.2.tgz",
      "integrity": "sha512-aLoxToI6RfZ+0NOjmWAgn9+LEd30YCkJKFSyWacNZdEKTit/ZMcKjGkTRo8uWEsnIb/hfKecNPEbln02PdWbcA==",
      "dev": true
    },
    "pegjs": {
      "version": "0.10.0",
      "resolved": "https://registry.npmjs.org/pegjs/-/pegjs-0.10.0.tgz",
      "integrity": "sha1-z4uvrm7d/0tafvsYUmnqr0YQ3b0=",
      "dev": true
    }
  }
}
